
Microsoft Visual Studio Solution File, Format Version 12.00
# Visual Studio Version 16
VisualStudioVersion = 16.0.31025.194
MinimumVisualStudioVersion = 10.0.40219.1
Project("{FAE04EC0-301F-11D3-BF4B-00C04F79EFBC}") = "GKU_App", "GKU_App.csproj", "{9DBF6B2D-1758-4607-9AE4-ADC62FC2C537}"
EndProject
Global
	GlobalSection(SolutionConfigurationPlatforms) = preSolution
		Debug|Any CPU = Debug|Any CPU
		Release|Any CPU = Release|Any CPU
	EndGlobalSection
	GlobalSection(ProjectConfigurationPlatforms) = postSolution
		{9DBF6B2D-1758-4607-9AE4-ADC62FC2C537}.Debug|Any CPU.ActiveCfg = Debug|Any CPU
		{9DBF6B2D-1758-4607-9AE4-ADC62FC2C537}.Debug|Any CPU.Build.0 = Debug|Any CPU
		{9DBF6B2D-1758-4607-9AE4-ADC62FC2C537}.Release|Any CPU.ActiveCfg = Release|Any CPU
		{9DBF6B2D-1758-4607-9AE4-ADC62FC2C537}.Release|Any CPU.Build.0 = Release|Any CPU
	EndGlobalSection
	GlobalSection(SolutionProperties) = preSolution
		HideSolutionNode = FALSE
	EndGlobalSection
	GlobalSection(ExtensibilityGlobals) = postSolution
		SolutionGuid = {2EBABE7B-B652-45FC-B182-43ACB6C2E298}
	EndGlobalSection
EndGlobal
